{
  "name": "tree-sitter-commonlisp-noformat",
  "version": "0.1.0",
  "lockfileVersion": 3,
  "requires": true,
  "packages": {
    "": {
      "name": "tree-sitter-commonlisp-noformat",
      "version": "0.1.0",
      "hasInstallScript": true,
      "license": "MIT",
      "dependencies": {
        "node-addon-api": "^7.1.0",
        "node-gyp-build": "^4.8.0"
      },
      "devDependencies": {
        "tree-sitter-cli": "^0.24.4",
        "tree-sitter-clojure": "github:theHamsta/tree-sitter-clojure#commonlisp"
      },
      "peerDependencies": {
        "tree-sitter": "^0.21.1"
      }
    },
    "node_modules/nan": {
      "version": "2.14.2",
      "resolved": "https://registry.npmjs.org/nan/-/nan-2.14.2.tgz",
      "integrity": "sha512-M2ufzIiINKCuDfBSAUr1vWQ+vuVcA9kqx8JJUsbQi6yf1uGRyb7HfpdfUr5qLXf3B/t8dPvcjhKMmlfnP47EzQ==",
      "dev": true
    },
    "node_modules/node-addon-api": {
      "version": "7.1.1",
      "resolved": "https://registry.npmjs.org/node-addon-api/-/node-addon-api-7.1.1.tgz",
      "integrity": "sha512-5m3bsyrjFWE1xf7nz7YXdN4udnVtXK6/Yfgn5qnahL6bCkf2yKt4k3nuTKAtT4r3IG8JNR2ncsIMdZuAzJjHQQ=="
    },
    "node_modules/node-gyp-build": {
      "version": "4.8.4",
      "resolved": "https://registry.npmjs.org/node-gyp-build/-/node-gyp-build-4.8.4.tgz",
      "integrity": "sha512-LA4ZjwlnUblHVgq0oBF3Jl/6h/Nvs5fzBLwdEF4nuxnFdsfajde4WfxtJr3CaiH+F6ewcIB/q4jQ4UzPyid+CQ==",
      "bin": {
        "node-gyp-build": "bin.js",
        "node-gyp-build-optional": "optional.js",
        "node-gyp-build-test": "build-test.js"
      }
    },
    "node_modules/tree-sitter": {
      "version": "0.21.1",
      "resolved": "https://registry.npmjs.org/tree-sitter/-/tree-sitter-0.21.1.tgz",
      "integrity": "sha512-7dxoA6kYvtgWw80265MyqJlkRl4yawIjO7S5MigytjELkX43fV2WsAXzsNfO7sBpPPCF5Gp0+XzHk0DwLCq3xQ==",
      "hasInstallScript": true,
      "peer": true,
      "dependencies": {
        "node-addon-api": "^8.0.0",
        "node-gyp-build": "^4.8.0"
      }
    },
    "node_modules/tree-sitter-cli": {
      "version": "0.24.7",
      "resolved": "https://registry.npmjs.org/tree-sitter-cli/-/tree-sitter-cli-0.24.7.tgz",
      "integrity": "sha512-o4gnE82pVmMMhJbWwD6+I9yr4lXii5Ci5qEQ2pFpUbVy1YiD8cizTJaqdcznA0qEbo7l2OneI1GocChPrI4YGQ==",
      "dev": true,
      "hasInstallScript": true,
      "bin": {
        "tree-sitter": "cli.js"
      },
      "engines": {
        "node": ">=12.0.0"
      }
    },
    "node_modules/tree-sitter-clojure": {
      "version": "0.0.8",
      "resolved": "git+ssh://git@github.com/theHamsta/tree-sitter-clojure.git#95c7959c461406381b42113dcf4591008c663d21",
      "dev": true,
      "dependencies": {
        "nan": "2.14.2",
        "web-tree-sitter": "0.19.1"
      }
    },
    "node_modules/tree-sitter/node_modules/node-addon-api": {
      "version": "8.5.0",
      "resolved": "https://registry.npmjs.org/node-addon-api/-/node-addon-api-8.5.0.tgz",
      "integrity": "sha512-/bRZty2mXUIFY/xU5HLvveNHlswNJej+RnxBjOMkidWfwZzgTbPG1E3K5TOxRLOR+5hX7bSofy8yf1hZevMS8A==",
      "peer": true,
      "engines": {
        "node": "^18 || ^20 || >= 21"
      }
    },
    "node_modules/web-tree-sitter": {
      "version": "0.19.1",
      "resolved": "https://registry.npmjs.org/web-tree-sitter/-/web-tree-sitter-0.19.1.tgz",
      "integrity": "sha512-Wlveh+zdegmNdK733B18pf+NmliKs2t5+Aid8IOFIBV2MqJmnYVo3AdukbdZJ+iIxzBnIreYFKfcFFCWVEf4AA==",
      "dev": true
    }
  }
}
